
Microsoft Visual Studio Solution File, Format Version 12.00
# Visual Studio Version 17
VisualStudioVersion = 17.11.35312.102
MinimumVisualStudioVersion = 10.0.40219.1
Project("{FAE04EC0-301F-11D3-BF4B-00C04F79EFBC}") = "SortAgloritums", "SortAgloritums\SortAgloritums.csproj", "{6EFD4DF4-CFE7-4F65-8615-6E682732E4C3}"
EndProject
Global
	GlobalSection(SolutionConfigurationPlatforms) = preSolution
		Debug|Any CPU = Debug|Any CPU
		Release|Any CPU = Release|Any CPU
	EndGlobalSection
	GlobalSection(ProjectConfigurationPlatforms) = postSolution
		{6EFD4DF4-CFE7-4F65-8615-6E682732E4C3}.Debug|Any CPU.ActiveCfg = Debug|Any CPU
		{6EFD4DF4-CFE7-4F65-8615-6E682732E4C3}.Debug|Any CPU.Build.0 = Debug|Any CPU
		{6EFD4DF4-CFE7-4F65-8615-6E682732E4C3}.Release|Any CPU.ActiveCfg = Release|Any CPU
		{6EFD4DF4-CFE7-4F65-8615-6E682732E4C3}.Release|Any CPU.Build.0 = Release|Any CPU
	EndGlobalSection
	GlobalSection(SolutionProperties) = preSolution
		HideSolutionNode = FALSE
	EndGlobalSection
	GlobalSection(ExtensibilityGlobals) = postSolution
		SolutionGuid = {3DE3DF5F-77E5-49FD-BFB7-D8075650AC5B}
	EndGlobalSection
EndGlobal
